
Microsoft Visual Studio Solution File, Format Version 12.00
# Visual Studio Version 16
VisualStudioVersion = 16.0.30611.23
MinimumVisualStudioVersion = 10.0.40219.1
Project("{FAE04EC0-301F-11D3-BF4B-00C04F79EFBC}") = "HW-11-12", "HW-11-12\HW-11-12.csproj", "{D7853A2A-245B-45A3-B690-09EBF9E80D4A}"
EndProject
Global
	GlobalSection(SolutionConfigurationPlatforms) = preSolution
		Debug|Any CPU = Debug|Any CPU
		Release|Any CPU = Release|Any CPU
	EndGlobalSection
	GlobalSection(ProjectConfigurationPlatforms) = postSolution
		{D7853A2A-245B-45A3-B690-09EBF9E80D4A}.Debug|Any CPU.ActiveCfg = Debug|Any CPU
		{D7853A2A-245B-45A3-B690-09EBF9E80D4A}.Debug|Any CPU.Build.0 = Debug|Any CPU
		{D7853A2A-245B-45A3-B690-09EBF9E80D4A}.Release|Any CPU.ActiveCfg = Release|Any CPU
		{D7853A2A-245B-45A3-B690-09EBF9E80D4A}.Release|Any CPU.Build.0 = Release|Any CPU
	EndGlobalSection
	GlobalSection(SolutionProperties) = preSolution
		HideSolutionNode = FALSE
	EndGlobalSection
	GlobalSection(ExtensibilityGlobals) = postSolution
		SolutionGuid = {A1BD8E9D-5ED2-4D64-9029-6B3C64EE7FC2}
	EndGlobalSection
EndGlobal
