
Microsoft Visual Studio Solution File, Format Version 12.00
# Visual Studio Version 16
VisualStudioVersion = 16.0.30611.23
MinimumVisualStudioVersion = 10.0.40219.1
Project("{FAE04EC0-301F-11D3-BF4B-00C04F79EFBC}") = "InvoiceManagerV1", "InvoiceManagerV1\InvoiceManagerV1.csproj", "{4F49DE21-EE97-45B3-980C-C6122787BB4A}"
EndProject
Global
	GlobalSection(SolutionConfigurationPlatforms) = preSolution
		Debug|Any CPU = Debug|Any CPU
		Release|Any CPU = Release|Any CPU
	EndGlobalSection
	GlobalSection(ProjectConfigurationPlatforms) = postSolution
		{4F49DE21-EE97-45B3-980C-C6122787BB4A}.Debug|Any CPU.ActiveCfg = Debug|Any CPU
		{4F49DE21-EE97-45B3-980C-C6122787BB4A}.Debug|Any CPU.Build.0 = Debug|Any CPU
		{4F49DE21-EE97-45B3-980C-C6122787BB4A}.Release|Any CPU.ActiveCfg = Release|Any CPU
		{4F49DE21-EE97-45B3-980C-C6122787BB4A}.Release|Any CPU.Build.0 = Release|Any CPU
	EndGlobalSection
	GlobalSection(SolutionProperties) = preSolution
		HideSolutionNode = FALSE
	EndGlobalSection
	GlobalSection(ExtensibilityGlobals) = postSolution
		SolutionGuid = {FF635629-3590-4F98-AB65-961E23B7E3FE}
	EndGlobalSection
EndGlobal
