
Microsoft Visual Studio Solution File, Format Version 12.00
# Visual Studio Version 16
VisualStudioVersion = 16.0.30611.23
MinimumVisualStudioVersion = 10.0.40219.1
Project("{FAE04EC0-301F-11D3-BF4B-00C04F79EFBC}") = "dll_test", "dll_test\dll_test.csproj", "{42E28DF4-FA0D-46AA-8F11-42F1946D7299}"
EndProject
Global
	GlobalSection(SolutionConfigurationPlatforms) = preSolution
		Debug|Any CPU = Debug|Any CPU
		Release|Any CPU = Release|Any CPU
	EndGlobalSection
	GlobalSection(ProjectConfigurationPlatforms) = postSolution
		{42E28DF4-FA0D-46AA-8F11-42F1946D7299}.Debug|Any CPU.ActiveCfg = Debug|Any CPU
		{42E28DF4-FA0D-46AA-8F11-42F1946D7299}.Debug|Any CPU.Build.0 = Debug|Any CPU
		{42E28DF4-FA0D-46AA-8F11-42F1946D7299}.Release|Any CPU.ActiveCfg = Release|Any CPU
		{42E28DF4-FA0D-46AA-8F11-42F1946D7299}.Release|Any CPU.Build.0 = Release|Any CPU
	EndGlobalSection
	GlobalSection(SolutionProperties) = preSolution
		HideSolutionNode = FALSE
	EndGlobalSection
	GlobalSection(ExtensibilityGlobals) = postSolution
		SolutionGuid = {DAEFA597-EA5E-4E89-96C3-319A0F1BD612}
	EndGlobalSection
EndGlobal
