
Microsoft Visual Studio Solution File, Format Version 12.00
# Visual Studio Version 16
VisualStudioVersion = 16.0.30611.23
MinimumVisualStudioVersion = 10.0.40219.1
Project("{FAE04EC0-301F-11D3-BF4B-00C04F79EFBC}") = "OOP_Basic_PL", "OOP_Basic_PL\OOP_Basic_PL.csproj", "{C751185D-CCD7-4485-8640-44B697B7B26C}"
EndProject
Global
	GlobalSection(SolutionConfigurationPlatforms) = preSolution
		Debug|Any CPU = Debug|Any CPU
		Release|Any CPU = Release|Any CPU
	EndGlobalSection
	GlobalSection(ProjectConfigurationPlatforms) = postSolution
		{C751185D-CCD7-4485-8640-44B697B7B26C}.Debug|Any CPU.ActiveCfg = Debug|Any CPU
		{C751185D-CCD7-4485-8640-44B697B7B26C}.Debug|Any CPU.Build.0 = Debug|Any CPU
		{C751185D-CCD7-4485-8640-44B697B7B26C}.Release|Any CPU.ActiveCfg = Release|Any CPU
		{C751185D-CCD7-4485-8640-44B697B7B26C}.Release|Any CPU.Build.0 = Release|Any CPU
	EndGlobalSection
	GlobalSection(SolutionProperties) = preSolution
		HideSolutionNode = FALSE
	EndGlobalSection
	GlobalSection(ExtensibilityGlobals) = postSolution
		SolutionGuid = {25775F79-DA81-4FA0-8BC0-9616460946B5}
	EndGlobalSection
EndGlobal
